
Microsoft Visual Studio Solution File, Format Version 12.00
# Visual Studio Version 17
VisualStudioVersion = 17.4.33403.182
MinimumVisualStudioVersion = 10.0.40219.1
Project("{FAE04EC0-301F-11D3-BF4B-00C04F79EFBC}") = "ServerWPF", "ServerWPF\ServerWPF.csproj", "{5B8E719F-7B7D-46CC-80A7-FCD3CD15B642}"
EndProject
Project("{FAE04EC0-301F-11D3-BF4B-00C04F79EFBC}") = "Client", "Client\Client.csproj", "{19CA0511-BF59-4245-9BDC-E1E838B919E4}"
EndProject
Global
	GlobalSection(SolutionConfigurationPlatforms) = preSolution
		Debug|Any CPU = Debug|Any CPU
		Release|Any CPU = Release|Any CPU
	EndGlobalSection
	GlobalSection(ProjectConfigurationPlatforms) = postSolution
		{5B8E719F-7B7D-46CC-80A7-FCD3CD15B642}.Debug|Any CPU.ActiveCfg = Debug|Any CPU
		{5B8E719F-7B7D-46CC-80A7-FCD3CD15B642}.Debug|Any CPU.Build.0 = Debug|Any CPU
		{5B8E719F-7B7D-46CC-80A7-FCD3CD15B642}.Release|Any CPU.ActiveCfg = Release|Any CPU
		{5B8E719F-7B7D-46CC-80A7-FCD3CD15B642}.Release|Any CPU.Build.0 = Release|Any CPU
		{19CA0511-BF59-4245-9BDC-E1E838B919E4}.Debug|Any CPU.ActiveCfg = Debug|Any CPU
		{19CA0511-BF59-4245-9BDC-E1E838B919E4}.Debug|Any CPU.Build.0 = Debug|Any CPU
		{19CA0511-BF59-4245-9BDC-E1E838B919E4}.Release|Any CPU.ActiveCfg = Release|Any CPU
		{19CA0511-BF59-4245-9BDC-E1E838B919E4}.Release|Any CPU.Build.0 = Release|Any CPU
	EndGlobalSection
	GlobalSection(SolutionProperties) = preSolution
		HideSolutionNode = FALSE
	EndGlobalSection
	GlobalSection(ExtensibilityGlobals) = postSolution
		SolutionGuid = {834CB6A8-1B46-4DED-B6E6-0D3DDFC59451}
	EndGlobalSection
EndGlobal
